
Microsoft Visual Studio Solution File, Format Version 12.00
# Visual Studio 15
VisualStudioVersion = 15.0.28307.572
MinimumVisualStudioVersion = 10.0.40219.1
Project("{FAE04EC0-301F-11D3-BF4B-00C04F79EFBC}") = "MovieHW", "MovieHW\MovieHW.csproj", "{E71712FC-3757-4C52-982D-EF5EA5BCCBA8}"
EndProject
Global
	GlobalSection(SolutionConfigurationPlatforms) = preSolution
		Debug|ARM = Debug|ARM
		Debug|x64 = Debug|x64
		Debug|x86 = Debug|x86
		Release|ARM = Release|ARM
		Release|x64 = Release|x64
		Release|x86 = Release|x86
	EndGlobalSection
	GlobalSection(ProjectConfigurationPlatforms) = postSolution
		{E71712FC-3757-4C52-982D-EF5EA5BCCBA8}.Debug|ARM.ActiveCfg = Debug|ARM
		{E71712FC-3757-4C52-982D-EF5EA5BCCBA8}.Debug|ARM.Build.0 = Debug|ARM
		{E71712FC-3757-4C52-982D-EF5EA5BCCBA8}.Debug|ARM.Deploy.0 = Debug|ARM
		{E71712FC-3757-4C52-982D-EF5EA5BCCBA8}.Debug|x64.ActiveCfg = Debug|x64
		{E71712FC-3757-4C52-982D-EF5EA5BCCBA8}.Debug|x64.Build.0 = Debug|x64
		{E71712FC-3757-4C52-982D-EF5EA5BCCBA8}.Debug|x64.Deploy.0 = Debug|x64
		{E71712FC-3757-4C52-982D-EF5EA5BCCBA8}.Debug|x86.ActiveCfg = Debug|x86
		{E71712FC-3757-4C52-982D-EF5EA5BCCBA8}.Debug|x86.Build.0 = Debug|x86
		{E71712FC-3757-4C52-982D-EF5EA5BCCBA8}.Debug|x86.Deploy.0 = Debug|x86
		{E71712FC-3757-4C52-982D-EF5EA5BCCBA8}.Release|ARM.ActiveCfg = Release|ARM
		{E71712FC-3757-4C52-982D-EF5EA5BCCBA8}.Release|ARM.Build.0 = Release|ARM
		{E71712FC-3757-4C52-982D-EF5EA5BCCBA8}.Release|ARM.Deploy.0 = Release|ARM
		{E71712FC-3757-4C52-982D-EF5EA5BCCBA8}.Release|x64.ActiveCfg = Release|x64
		{E71712FC-3757-4C52-982D-EF5EA5BCCBA8}.Release|x64.Build.0 = Release|x64
		{E71712FC-3757-4C52-982D-EF5EA5BCCBA8}.Release|x64.Deploy.0 = Release|x64
		{E71712FC-3757-4C52-982D-EF5EA5BCCBA8}.Release|x86.ActiveCfg = Release|x86
		{E71712FC-3757-4C52-982D-EF5EA5BCCBA8}.Release|x86.Build.0 = Release|x86
		{E71712FC-3757-4C52-982D-EF5EA5BCCBA8}.Release|x86.Deploy.0 = Release|x86
	EndGlobalSection
	GlobalSection(SolutionProperties) = preSolution
		HideSolutionNode = FALSE
	EndGlobalSection
	GlobalSection(ExtensibilityGlobals) = postSolution
		SolutionGuid = {7E29723F-2018-454F-9B13-2D99F11AD8C1}
	EndGlobalSection
EndGlobal
